#MicroXplorer Configuration settings - do not modify
ARM.CMSIS.5.6.0.CMSISOoDriverJjARM.apiComponent0=Device\:IRQ Controller
ARM.CMSIS.5.6.0.CMSISOoDriverJjARM.apiComponent1=Device\:OS Tick
ARM.CMSIS.5.6.0.CMSISOoDriverJjARM.apiComponent10=CMSIS Driver\:SAI
ARM.CMSIS.5.6.0.CMSISOoDriverJjARM.apiComponent11=CMSIS Driver\:I2C
ARM.CMSIS.5.6.0.CMSISOoDriverJjARM.apiComponent12=CMSIS Driver\:I2C
ARM.CMSIS.5.6.0.CMSISOoDriverJjARM.apiComponent13=CMSIS Driver\:CAN
ARM.CMSIS.5.6.0.CMSISOoDriverJjARM.apiComponent14=CMSIS Driver\:CAN
ARM.CMSIS.5.6.0.CMSISOoDriverJjARM.apiComponent15=CMSIS Driver\:Flash
ARM.CMSIS.5.6.0.CMSISOoDriverJjARM.apiComponent16=CMSIS Driver\:Flash
ARM.CMSIS.5.6.0.CMSISOoDriverJjARM.apiComponent17=CMSIS Driver\:MCI
ARM.CMSIS.5.6.0.CMSISOoDriverJjARM.apiComponent18=CMSIS Driver\:MCI
ARM.CMSIS.5.6.0.CMSISOoDriverJjARM.apiComponent19=CMSIS Driver\:NAND
ARM.CMSIS.5.6.0.CMSISOoDriverJjARM.apiComponent2=CMSIS\:RTOS
ARM.CMSIS.5.6.0.CMSISOoDriverJjARM.apiComponent20=CMSIS Driver\:NAND
ARM.CMSIS.5.6.0.CMSISOoDriverJjARM.apiComponent21=CMSIS Driver\:Ethernet
ARM.CMSIS.5.6.0.CMSISOoDriverJjARM.apiComponent22=CMSIS Driver\:Ethernet
ARM.CMSIS.5.6.0.CMSISOoDriverJjARM.apiComponent23=CMSIS Driver\:Ethernet
ARM.CMSIS.5.6.0.CMSISOoDriverJjARM.apiComponent24=CMSIS Driver\:Ethernet MAC
ARM.CMSIS.5.6.0.CMSISOoDriverJjARM.apiComponent25=CMSIS Driver\:Ethernet MAC
ARM.CMSIS.5.6.0.CMSISOoDriverJjARM.apiComponent26=CMSIS Driver\:Ethernet PHY
ARM.CMSIS.5.6.0.CMSISOoDriverJjARM.apiComponent27=CMSIS Driver\:Ethernet PHY
ARM.CMSIS.5.6.0.CMSISOoDriverJjARM.apiComponent28=CMSIS Driver\:USB Device
ARM.CMSIS.5.6.0.CMSISOoDriverJjARM.apiComponent29=CMSIS Driver\:USB Device
ARM.CMSIS.5.6.0.CMSISOoDriverJjARM.apiComponent3=CMSIS\:RTOS2
ARM.CMSIS.5.6.0.CMSISOoDriverJjARM.apiComponent30=CMSIS Driver\:USB Host
ARM.CMSIS.5.6.0.CMSISOoDriverJjARM.apiComponent31=CMSIS Driver\:USB Host
ARM.CMSIS.5.6.0.CMSISOoDriverJjARM.apiComponent32=CMSIS Driver\:WiFi
ARM.CMSIS.5.6.0.CMSISOoDriverJjARM.apiComponent33=CMSIS Driver\:WiFi
ARM.CMSIS.5.6.0.CMSISOoDriverJjARM.apiComponent4=CMSIS\:RTOS2
ARM.CMSIS.5.6.0.CMSISOoDriverJjARM.apiComponent5=CMSIS Driver\:USART
ARM.CMSIS.5.6.0.CMSISOoDriverJjARM.apiComponent6=CMSIS Driver\:USART
ARM.CMSIS.5.6.0.CMSISOoDriverJjARM.apiComponent7=CMSIS Driver\:SPI
ARM.CMSIS.5.6.0.CMSISOoDriverJjARM.apiComponent8=CMSIS Driver\:SPI
ARM.CMSIS.5.6.0.CMSISOoDriverJjARM.apiComponent9=CMSIS Driver\:SAI
ARM.CMSIS.5.6.0.CMSISOoDriverJjARM.apiDoc0=CMSIS/Core_A/Include/irq_ctrl.h
ARM.CMSIS.5.6.0.CMSISOoDriverJjARM.apiDoc1=CMSIS/RTOS2/Include/os_tick.h
ARM.CMSIS.5.6.0.CMSISOoDriverJjARM.apiDoc10=CMSIS/Driver/Include/Driver_SAI.h
ARM.CMSIS.5.6.0.CMSISOoDriverJjARM.apiDoc11=CMSIS/Documentation/Driver/html/group__i2c__interface__gr.html
ARM.CMSIS.5.6.0.CMSISOoDriverJjARM.apiDoc12=CMSIS/Driver/Include/Driver_I2C.h
ARM.CMSIS.5.6.0.CMSISOoDriverJjARM.apiDoc13=CMSIS/Documentation/Driver/html/group__can__interface__gr.html
ARM.CMSIS.5.6.0.CMSISOoDriverJjARM.apiDoc14=CMSIS/Driver/Include/Driver_CAN.h
ARM.CMSIS.5.6.0.CMSISOoDriverJjARM.apiDoc15=CMSIS/Documentation/Driver/html/group__flash__interface__gr.html
ARM.CMSIS.5.6.0.CMSISOoDriverJjARM.apiDoc16=CMSIS/Driver/Include/Driver_Flash.h
ARM.CMSIS.5.6.0.CMSISOoDriverJjARM.apiDoc17=CMSIS/Documentation/Driver/html/group__mci__interface__gr.html
ARM.CMSIS.5.6.0.CMSISOoDriverJjARM.apiDoc18=CMSIS/Driver/Include/Driver_MCI.h
ARM.CMSIS.5.6.0.CMSISOoDriverJjARM.apiDoc19=CMSIS/Documentation/Driver/html/group__nand__interface__gr.html
ARM.CMSIS.5.6.0.CMSISOoDriverJjARM.apiDoc2=CMSIS/Documentation/RTOS/html/index.html
ARM.CMSIS.5.6.0.CMSISOoDriverJjARM.apiDoc20=CMSIS/Driver/Include/Driver_NAND.h
ARM.CMSIS.5.6.0.CMSISOoDriverJjARM.apiDoc21=CMSIS/Documentation/Driver/html/group__eth__interface__gr.html
ARM.CMSIS.5.6.0.CMSISOoDriverJjARM.apiDoc22=CMSIS/Driver/Include/Driver_ETH_MAC.h
ARM.CMSIS.5.6.0.CMSISOoDriverJjARM.apiDoc23=CMSIS/Driver/Include/Driver_ETH_PHY.h
ARM.CMSIS.5.6.0.CMSISOoDriverJjARM.apiDoc24=CMSIS/Documentation/Driver/html/group__eth__mac__interface__gr.html
ARM.CMSIS.5.6.0.CMSISOoDriverJjARM.apiDoc25=CMSIS/Driver/Include/Driver_ETH_MAC.h
ARM.CMSIS.5.6.0.CMSISOoDriverJjARM.apiDoc26=CMSIS/Documentation/Driver/html/group__eth__phy__interface__gr.html
ARM.CMSIS.5.6.0.CMSISOoDriverJjARM.apiDoc27=CMSIS/Driver/Include/Driver_ETH_PHY.h
ARM.CMSIS.5.6.0.CMSISOoDriverJjARM.apiDoc28=CMSIS/Documentation/Driver/html/group__usbd__interface__gr.html
ARM.CMSIS.5.6.0.CMSISOoDriverJjARM.apiDoc29=CMSIS/Driver/Include/Driver_USBD.h
ARM.CMSIS.5.6.0.CMSISOoDriverJjARM.apiDoc3=CMSIS/Documentation/RTOS2/html/index.html
ARM.CMSIS.5.6.0.CMSISOoDriverJjARM.apiDoc30=CMSIS/Documentation/Driver/html/group__usbh__interface__gr.html
ARM.CMSIS.5.6.0.CMSISOoDriverJjARM.apiDoc31=CMSIS/Driver/Include/Driver_USBH.h
ARM.CMSIS.5.6.0.CMSISOoDriverJjARM.apiDoc32=CMSIS/Documentation/Driver/html/group__wifi__interface__gr.html
ARM.CMSIS.5.6.0.CMSISOoDriverJjARM.apiDoc33=CMSIS/Driver/Include/Driver_WiFi.h
ARM.CMSIS.5.6.0.CMSISOoDriverJjARM.apiDoc4=CMSIS/RTOS2/Include/cmsis_os2.h
ARM.CMSIS.5.6.0.CMSISOoDriverJjARM.apiDoc5=CMSIS/Documentation/Driver/html/group__usart__interface__gr.html
ARM.CMSIS.5.6.0.CMSISOoDriverJjARM.apiDoc6=CMSIS/Driver/Include/Driver_USART.h
ARM.CMSIS.5.6.0.CMSISOoDriverJjARM.apiDoc7=CMSIS/Documentation/Driver/html/group__spi__interface__gr.html
ARM.CMSIS.5.6.0.CMSISOoDriverJjARM.apiDoc8=CMSIS/Driver/Include/Driver_SPI.h
ARM.CMSIS.5.6.0.CMSISOoDriverJjARM.apiDoc9=CMSIS/Documentation/Driver/html/group__sai__interface__gr.html
ARM.CMSIS.5.6.0.CMSISOoDriverJjARM.cmp_version0=2.3.0
ARM.CMSIS.5.6.0.CMSISOoDriverJjARM.cmp_version1=2.2.0
ARM.CMSIS.5.6.0.CMSISOoDriverJjARM.cmp_version2=2.1.0
ARM.CMSIS.5.6.0.CMSISOoDriverJjARM.component0=CMSIS Driver
ARM.CMSIS.5.6.0.CMSISOoDriverJjARM.component1=CMSIS Driver
ARM.CMSIS.5.6.0.CMSISOoDriverJjARM.component2=CMSIS Driver
ARM.CMSIS.5.6.0.CMSISOoDriverJjARM.description0=Access to \#include Driver_USART.h file and code template for custom implementation
ARM.CMSIS.5.6.0.CMSISOoDriverJjARM.description1=Access to \#include Driver_Flash.h file and code template for custom implementation
ARM.CMSIS.5.6.0.CMSISOoDriverJjARM.description2=Access to \#include Driver_ETH_PHY.h file and code template for custom implementation
ARM.CMSIS.5.6.0.CMSISOoDriverJjARM.diagnostic0=This component should operate correctly.
ARM.CMSIS.5.6.0.CMSISOoDriverJjARM.diagnostic1=This component should operate correctly.
ARM.CMSIS.5.6.0.CMSISOoDriverJjARM.diagnostic2=This component should operate correctly.
ARM.CMSIS.5.6.0.CMSISOoDriverJjARM.group0=USART
ARM.CMSIS.5.6.0.CMSISOoDriverJjARM.group1=Flash
ARM.CMSIS.5.6.0.CMSISOoDriverJjARM.group2=Ethernet PHY
ARM.CMSIS.5.6.0.CMSISOoDriverJjARM.paramName0=CMSISOoDriverJjUSARTJjCustom
ARM.CMSIS.5.6.0.CMSISOoDriverJjARM.paramName1=CMSISOoDriverJjFlashJjCustom
ARM.CMSIS.5.6.0.CMSISOoDriverJjARM.paramName2=CMSISOoDriverJjEthernetOoPHYJjCustom
ARM.CMSIS.5.6.0.CMSISOoDriverJjARM.sevirity0=none
ARM.CMSIS.5.6.0.CMSISOoDriverJjARM.sevirity1=none
ARM.CMSIS.5.6.0.CMSISOoDriverJjARM.sevirity2=none
ARM.CMSIS.5.6.0.CMSISOoDriverJjARM.sub-group0=Custom
ARM.CMSIS.5.6.0.CMSISOoDriverJjARM.sub-group1=Custom
ARM.CMSIS.5.6.0.CMSISOoDriverJjARM.sub-group2=Custom
ARM.CMSIS.5.6.0.CMSISOoDriverJjARM_Checked=false
ARM.CMSIS.5.6.0.CMSISOoDriverJjARM_apiSize=34
ARM.CMSIS.5.6.0.CMSISOoDriverJjARM_bundle=CMSIS
ARM.CMSIS.5.6.0.CMSISOoDriverJjARM_class=CMSISOoDriver
ARM.CMSIS.5.6.0.CMSISOoDriverJjARM_name=CMSIS
ARM.CMSIS.5.6.0.CMSISOoDriverJjARM_size=3
ARM.CMSIS.5.6.0.CMSISOoDriverJjARM_vendor=ARM
ARM.CMSIS.5.6.0.CMSISOoDriverJjARM_version=5.6.0
ARM.CMSIS.5.6.0.CMSISOoDriverJjEthernetOoPHYJjCustom=true
ARM.CMSIS.5.6.0.CMSISOoDriverJjFlashJjCustom=true
ARM.CMSIS.5.6.0.CMSISOoDriverJjUSARTJjCustom=true
ARM.CMSIS.5.6.0.IPParameters=CMSISOoDriverJjUSARTJjCustom,CMSISOoDriverJjFlashJjCustom,CMSISOoDriverJjEthernetOoPHYJjCustom
ARM.CMSIS.5.6.0_CMSISJjARM_RteComponentsize=0
ARM.CMSIS.5.6.0_CMSISOoDriverJjARM_RteComponentsize=0
ARM.CMSIS.5.6.0_DeviceJjARM_RteComponentsize=0
ARM.CMSIS.5.6.0_SwParameter=CMSISOoDriverJjUSARTJjCustom\:true;CMSISOoDriverJjEthernetOoPHYJjCustom\:true;CMSISOoDriverJjFlashJjCustom\:true;
ARM.CMSIS.5.6.0_description=CMSIS (Cortex Microcontroller Software Interface Standard)
ARM.CMSIS.5.6.0_license=
ETH.IPParameters=MediaInterface,PHY_Name_RMII,RxMode
ETH.MediaInterface=ETH_MEDIA_INTERFACE_RMII
ETH.PHY_Name_RMII=LAN8742A_PHY_ADDRESS
ETH.RxMode=ETH_RXPOLLING_MODE
File.Version=6
KeepUserPlacement=false
Mcu.Family=STM32F4
Mcu.IP0=ETH
Mcu.IP1=NVIC
Mcu.IP10=USART2
Mcu.IP11=USART3
Mcu.IP12=USART6
Mcu.IP2=RCC
Mcu.IP3=RTC
Mcu.IP4=SPI1
Mcu.IP5=SPI2
Mcu.IP6=SYS
Mcu.IP7=UART4
Mcu.IP8=UART5
Mcu.IP9=USART1
Mcu.IPNb=13
Mcu.Name=STM32F407V(E-G)Tx
Mcu.Package=LQFP100
Mcu.Pin0=PE2
Mcu.Pin1=PE3
Mcu.Pin10=PC1
Mcu.Pin11=PA1
Mcu.Pin12=PA2
Mcu.Pin13=PA3
Mcu.Pin14=PA4
Mcu.Pin15=PA5
Mcu.Pin16=PA6
Mcu.Pin17=PA7
Mcu.Pin18=PC4
Mcu.Pin19=PC5
Mcu.Pin2=PE4
Mcu.Pin20=PB0
Mcu.Pin21=PB1
Mcu.Pin22=PB2
Mcu.Pin23=PE7
Mcu.Pin24=PE8
Mcu.Pin25=PE9
Mcu.Pin26=PE10
Mcu.Pin27=PE11
Mcu.Pin28=PE12
Mcu.Pin29=PE13
Mcu.Pin3=PE5
Mcu.Pin30=PE14
Mcu.Pin31=PE15
Mcu.Pin32=PB10
Mcu.Pin33=PB11
Mcu.Pin34=PB12
Mcu.Pin35=PB13
Mcu.Pin36=PB14
Mcu.Pin37=PB15
Mcu.Pin38=PD8
Mcu.Pin39=PD9
Mcu.Pin4=PE6
Mcu.Pin40=PD10
Mcu.Pin41=PD11
Mcu.Pin42=PD12
Mcu.Pin43=PD13
Mcu.Pin44=PD14
Mcu.Pin45=PC6
Mcu.Pin46=PC7
Mcu.Pin47=PC8
Mcu.Pin48=PA9
Mcu.Pin49=PA10
Mcu.Pin5=PC13-ANTI_TAMP
Mcu.Pin50=PA11
Mcu.Pin51=PA15
Mcu.Pin52=PC10
Mcu.Pin53=PC11
Mcu.Pin54=PC12
Mcu.Pin55=PD2
Mcu.Pin56=PD5
Mcu.Pin57=PD6
Mcu.Pin58=PB3
Mcu.Pin59=PB4
Mcu.Pin6=PC14-OSC32_IN
Mcu.Pin60=PB5
Mcu.Pin61=PB6
Mcu.Pin62=PB7
Mcu.Pin63=PB8
Mcu.Pin64=PB9
Mcu.Pin65=PE0
Mcu.Pin66=PE1
Mcu.Pin67=VP_RTC_VS_RTC_Activate
Mcu.Pin68=VP_SYS_VS_Systick
Mcu.Pin7=PC15-OSC32_OUT
Mcu.Pin8=PH0-OSC_IN
Mcu.Pin9=PH1-OSC_OUT
Mcu.PinsNb=69
Mcu.ThirdParty0=ARM.CMSIS.5.6.0
Mcu.ThirdParty1=RealThread.RT-Thread.3.1.3
Mcu.ThirdPartyNb=2
Mcu.UserConstants=
Mcu.UserName=STM32F407VETx
MxCube.Version=5.0.0
MxDb.Version=DB.5.0.0
NVIC.BusFault_IRQn=true\:0\:0\:false\:false\:true\:false
NVIC.DebugMonitor_IRQn=true\:0\:0\:false\:false\:true\:false
NVIC.ETH_IRQn=true\:0\:0\:false\:false\:true\:true
NVIC.HardFault_IRQn=true\:0\:0\:false\:false\:true\:false
NVIC.MemoryManagement_IRQn=true\:0\:0\:false\:false\:true\:false
NVIC.NonMaskableInt_IRQn=true\:0\:0\:false\:false\:true\:false
NVIC.PendSV_IRQn=true\:0\:0\:false\:false\:true\:false
NVIC.PriorityGroup=NVIC_PRIORITYGROUP_4
NVIC.SVCall_IRQn=true\:0\:0\:false\:false\:true\:false
NVIC.SysTick_IRQn=true\:0\:0\:false\:false\:true\:false
NVIC.UsageFault_IRQn=true\:0\:0\:false\:false\:true\:false
PA1.Mode=RMII
PA1.Signal=ETH_REF_CLK
PA10.GPIOParameters=GPIO_Label
PA10.GPIO_Label=WIFI_RX
PA10.Mode=Asynchronous
PA10.Signal=USART1_RX
PA11.GPIOParameters=GPIO_Label
PA11.GPIO_Label=WIFI_RST
PA11.Locked=true
PA11.Signal=GPIO_Output
PA15.GPIOParameters=GPIO_Label
PA15.GPIO_Label=LCD_BCK_LED
PA15.Locked=true
PA15.Signal=GPIO_Output
PA2.Mode=RMII
PA2.Signal=ETH_MDIO
PA3.GPIOParameters=GPIO_Label
PA3.GPIO_Label=DC2_IN_EXT
PA3.Locked=true
PA3.Signal=GPXTI3
PA4.GPIOParameters=GPIO_Label
PA4.GPIO_Label=DC3_IN_EXT
PA4.Locked=true
PA4.Signal=GPXTI4
PA5.GPIOParameters=GPIO_Label
PA5.GPIO_Label=DC4_IN_EXT
PA5.Locked=true
PA5.Signal=GPXTI5
PA6.GPIOParameters=GPIO_Label
PA6.GPIO_Label=DC5_IN_EXT
PA6.Locked=true
PA6.Signal=GPXTI6
PA7.Mode=RMII
PA7.Signal=ETH_CRS_DV
PA9.GPIOParameters=GPIO_Label
PA9.GPIO_Label=WIFI_TX
PA9.Mode=Asynchronous
PA9.Signal=USART1_TX
PB0.GPIOParameters=GPIO_Label
PB0.GPIO_Label=DC6_IN_EXT
PB0.Locked=true
PB0.Signal=GPXTI0
PB1.GPIOParameters=GPIO_Label
PB1.GPIO_Label=CTR_485_1
PB1.Locked=true
PB1.Signal=GPIO_Output
PB10.Locked=true
PB10.Mode=Full_Duplex_Master
PB10.Signal=SPI2_SCK
PB11.Mode=RMII
PB11.Signal=ETH_TX_EN
PB12.Locked=true
PB12.Mode=RMII
PB12.Signal=ETH_TXD0
PB13.Mode=RMII
PB13.Signal=ETH_TXD1
PB14.Locked=true
PB14.Mode=Full_Duplex_Master
PB14.Signal=SPI2_MISO
PB15.Locked=true
PB15.Mode=Full_Duplex_Master
PB15.Signal=SPI2_MOSI
PB2.GPIOParameters=GPIO_Label
PB2.GPIO_Label=IN_1
PB2.Locked=true
PB2.Signal=GPIO_Output
PB3.Locked=true
PB3.Mode=Full_Duplex_Master
PB3.Signal=SPI1_SCK
PB4.Locked=true
PB4.Mode=Full_Duplex_Master
PB4.Signal=SPI1_MISO
PB5.Mode=Full_Duplex_Master
PB5.Signal=SPI1_MOSI
PB6.GPIOParameters=GPIO_Label
PB6.GPIO_Label=SPI1_CS
PB6.Locked=true
PB6.Signal=GPIO_Output
PB7.GPIOParameters=GPIO_Label
PB7.GPIO_Label=RELAY_1
PB7.Locked=true
PB7.Signal=GPIO_Output
PB8.GPIOParameters=GPIO_Label
PB8.GPIO_Label=RELAY_2
PB8.Locked=true
PB8.Signal=GPIO_Output
PB9.GPIOParameters=GPIO_Label
PB9.GPIO_Label=RELAY_3
PB9.Locked=true
PB9.Signal=GPIO_Output
PC1.Mode=RMII
PC1.Signal=ETH_MDC
PC10.GPIOParameters=GPIO_Label
PC10.GPIO_Label=BT_TX
PC10.Locked=true
PC10.Mode=Asynchronous
PC10.Signal=UART4_TX
PC11.GPIOParameters=GPIO_Label
PC11.GPIO_Label=BT_RX
PC11.Mode=Asynchronous
PC11.Signal=UART4_RX
PC12.GPIOParameters=GPIO_Label
PC12.GPIO_Label=RS232_TX
PC12.Mode=Asynchronous
PC12.Signal=UART5_TX
PC13-ANTI_TAMP.GPIOParameters=GPIO_Label
PC13-ANTI_TAMP.GPIO_Label=KEY_1
PC13-ANTI_TAMP.Locked=true
PC13-ANTI_TAMP.Signal=GPIO_Input
PC14-OSC32_IN.Mode=LSE-External-Clock-Source
PC14-OSC32_IN.Signal=RCC_OSC32_IN
PC15-OSC32_OUT.Mode=LSE-External-Clock-Source
PC15-OSC32_OUT.Signal=RCC_OSC32_OUT
PC4.Mode=RMII
PC4.Signal=ETH_RXD0
PC5.Mode=RMII
PC5.Signal=ETH_RXD1
PC6.GPIOParameters=GPIO_Label
PC6.GPIO_Label=RS485_1_2_TX
PC6.Mode=Asynchronous
PC6.Signal=USART6_TX
PC7.GPIOParameters=GPIO_Label
PC7.GPIO_Label=RS485_1_2_RX
PC7.Mode=Asynchronous
PC7.Signal=USART6_RX
PC8.GPIOParameters=GPIO_Label
PC8.GPIO_Label=LCD_DIO
PC8.Locked=true
PC8.Signal=GPIO_Output
PCC.Checker=false
PCC.Line=STM32F407/417
PCC.MCU=STM32F407V(E-G)Tx
PCC.PartNumber=STM32F407VETx
PCC.Seq0=0
PCC.Series=STM32F4
PCC.Temperature=25
PCC.Vdd=3.3
PD10.GPIOParameters=GPIO_Label
PD10.GPIO_Label=ETH_RST
PD10.Locked=true
PD10.Signal=GPIO_Output
PD11.GPIOParameters=GPIO_Label
PD11.GPIO_Label=LCD_CS
PD11.Locked=true
PD11.Signal=GPIO_Output
PD12.GPIOParameters=GPIO_Label
PD12.GPIO_Label=LCD_RST
PD12.Locked=true
PD12.Signal=GPIO_Output
PD13.GPIOParameters=GPIO_Label
PD13.GPIO_Label=LCD_RS
PD13.Locked=true
PD13.Signal=GPIO_Output
PD14.GPIOParameters=GPIO_Label
PD14.GPIO_Label=LCD_SCK
PD14.Locked=true
PD14.Signal=GPIO_Output
PD2.GPIOParameters=GPIO_Label
PD2.GPIO_Label=RS232_RX
PD2.Mode=Asynchronous
PD2.Signal=UART5_RX
PD5.Mode=Asynchronous
PD5.Signal=USART2_TX
PD6.Locked=true
PD6.Mode=Asynchronous
PD6.Signal=USART2_RX
PD8.GPIOParameters=GPIO_Label
PD8.GPIO_Label=RS485_3_4_TX
PD8.Mode=Asynchronous
PD8.Signal=USART3_TX
PD9.GPIOParameters=GPIO_Label
PD9.GPIO_Label=RS485_3_4_RX
PD9.Mode=Asynchronous
PD9.Signal=USART3_RX
PE0.GPIOParameters=GPIO_Label
PE0.GPIO_Label=RELAY_4
PE0.Locked=true
PE0.Signal=GPIO_Output
PE1.GPIOParameters=GPIO_Label
PE1.GPIO_Label=RELAY_5
PE1.Locked=true
PE1.Signal=GPIO_Output
PE10.GPIOParameters=GPIO_Label
PE10.GPIO_Label=CTR_485_3
PE10.Locked=true
PE10.Signal=GPIO_Output
PE11.GPIOParameters=GPIO_Label
PE11.GPIO_Label=IN_4
PE11.Locked=true
PE11.Signal=GPIO_Output
PE12.GPIOParameters=GPIO_Label
PE12.GPIO_Label=CTR_485_4
PE12.Locked=true
PE12.Signal=GPIO_Output
PE13.GPIOParameters=GPIO_Label
PE13.GPIO_Label=LORA_CS
PE13.Locked=true
PE13.Signal=GPIO_Output
PE14.GPIOParameters=GPIO_Label
PE14.GPIO_Label=LORA_RST
PE14.Locked=true
PE14.Signal=GPIO_Output
PE15.GPIOParameters=GPIO_Label
PE15.GPIO_Label=LORA_INT
PE15.Locked=true
PE15.Signal=GPXTI15
PE2.GPIOParameters=GPIO_Label
PE2.GPIO_Label=KEY_6
PE2.Locked=true
PE2.Signal=GPIO_Input
PE3.GPIOParameters=GPIO_Label
PE3.GPIO_Label=KEY_5
PE3.Locked=true
PE3.Signal=GPIO_Input
PE4.GPIOParameters=GPIO_Label
PE4.GPIO_Label=KEY_4
PE4.Locked=true
PE4.Signal=GPIO_Input
PE5.GPIOParameters=GPIO_Label
PE5.GPIO_Label=KEY_3
PE5.Locked=true
PE5.Signal=GPIO_Input
PE6.GPIOParameters=GPIO_Label
PE6.GPIO_Label=KEY_2
PE6.Locked=true
PE6.Signal=GPIO_Input
PE7.GPIOParameters=GPIO_Label
PE7.GPIO_Label=IN_2
PE7.Locked=true
PE7.Signal=GPIO_Output
PE8.GPIOParameters=GPIO_Label
PE8.GPIO_Label=CTR_485_2
PE8.Locked=true
PE8.Signal=GPIO_Output
PE9.GPIOParameters=GPIO_Label
PE9.GPIO_Label=IN_3
PE9.Locked=true
PE9.Signal=GPIO_Output
PH0-OSC_IN.Mode=HSE-External-Clock-Source
PH0-OSC_IN.Signal=RCC_OSC_IN
PH1-OSC_OUT.Mode=HSE-External-Clock-Source
PH1-OSC_OUT.Signal=RCC_OSC_OUT
PinOutPanel.RotationAngle=0
ProjectManager.AskForMigrate=true
ProjectManager.BackupPrevious=false
ProjectManager.CompilerOptimize=6
ProjectManager.ComputerToolchain=false
ProjectManager.CoupleFile=false
ProjectManager.CustomerFirmwarePackage=
ProjectManager.DefaultFWLocation=true
ProjectManager.DeletePrevious=true
ProjectManager.DeviceId=STM32F407VETx
ProjectManager.FirmwarePackage=STM32Cube FW_F4 V1.23.0
ProjectManager.FreePins=false
ProjectManager.HalAssertFull=false
ProjectManager.HeapSize=0x200
ProjectManager.KeepUserCode=true
ProjectManager.LastFirmware=true
ProjectManager.LibraryCopy=0
ProjectManager.MainLocation=Src
ProjectManager.NoMain=false
ProjectManager.PreviousToolchain=
ProjectManager.ProjectBuild=false
ProjectManager.ProjectFileName=cube.ioc
ProjectManager.ProjectName=cube
ProjectManager.StackSize=0x400
ProjectManager.TargetToolchain=MDK-ARM V5
ProjectManager.ToolChainLocation=
ProjectManager.UnderRoot=false
ProjectManager.functionlistsort=1-MX_GPIO_Init-GPIO-false-HAL-true,2-SystemClock_Config-RCC-false-HAL-false,3-MX_SPI1_Init-SPI1-false-HAL-true,4-MX_SPI2_Init-SPI2-false-HAL-true,5-MX_USART1_UART_Init-USART1-false-HAL-true,6-MX_USART3_UART_Init-USART3-false-HAL-true,7-MX_USART6_UART_Init-USART6-false-HAL-true,8-MX_UART4_Init-UART4-false-HAL-true,9-MX_UART5_Init-UART5-false-HAL-true,10-MX_USART2_UART_Init-USART2-false-HAL-true,11-MX_RTC_Init-RTC-false-HAL-true,12-MX_ETH_Init-ETH-false-HAL-true
RCC.48MHZClocksFreq_Value=84000000
RCC.AHBFreq_Value=168000000
RCC.APB1CLKDivider=RCC_HCLK_DIV4
RCC.APB1Freq_Value=42000000
RCC.APB1TimFreq_Value=84000000
RCC.APB2CLKDivider=RCC_HCLK_DIV2
RCC.APB2Freq_Value=84000000
RCC.APB2TimFreq_Value=168000000
RCC.CortexFreq_Value=168000000
RCC.EthernetFreq_Value=168000000
RCC.FCLKCortexFreq_Value=168000000
RCC.FamilyName=M
RCC.HCLKFreq_Value=168000000
RCC.HSE_VALUE=8000000
RCC.HSI_VALUE=16000000
RCC.I2SClocksFreq_Value=192000000
RCC.IPParameters=48MHZClocksFreq_Value,AHBFreq_Value,APB1CLKDivider,APB1Freq_Value,APB1TimFreq_Value,APB2CLKDivider,APB2Freq_Value,APB2TimFreq_Value,CortexFreq_Value,EthernetFreq_Value,FCLKCortexFreq_Value,FamilyName,HCLKFreq_Value,HSE_VALUE,HSI_VALUE,I2SClocksFreq_Value,LSE_VALUE,LSI_VALUE,MCO2PinFreq_Value,PLLCLKFreq_Value,PLLM,PLLN,PLLQCLKFreq_Value,PLLSourceVirtual,RCC_RTC_Clock_Source,RCC_RTC_Clock_SourceVirtual,RTCFreq_Value,RTCHSEDivFreq_Value,SYSCLKFreq_VALUE,SYSCLKSource,VCOI2SOutputFreq_Value,VCOInputFreq_Value,VCOOutputFreq_Value,VcooutputI2S
RCC.LSE_VALUE=32768
RCC.LSI_VALUE=32000
RCC.MCO2PinFreq_Value=168000000
RCC.PLLCLKFreq_Value=168000000
RCC.PLLM=4
RCC.PLLN=168
RCC.PLLQCLKFreq_Value=84000000
RCC.PLLSourceVirtual=RCC_PLLSOURCE_HSE
RCC.RCC_RTC_Clock_Source=RCC_RTCCLKSOURCE_LSE
RCC.RCC_RTC_Clock_SourceVirtual=RCC_RTCCLKSOURCE_LSE
RCC.RTCFreq_Value=32768
RCC.RTCHSEDivFreq_Value=4000000
RCC.SYSCLKFreq_VALUE=168000000
RCC.SYSCLKSource=RCC_SYSCLKSOURCE_PLLCLK
RCC.VCOI2SOutputFreq_Value=384000000
RCC.VCOInputFreq_Value=2000000
RCC.VCOOutputFreq_Value=336000000
RCC.VcooutputI2S=192000000
RealThread.RT-Thread.3.1.3.IPParameters=RTAaThreadCcRTOSJjkernel,RTAaThreadCcRTOSJjshell
RealThread.RT-Thread.3.1.3.RTAaThreadCcRTOSJjkernel=true
RealThread.RT-Thread.3.1.3.RTAaThreadCcRTOSJjshell=true
RealThread.RT-Thread.3.1.3.RTOSJjRTAaThread.cmp_version0=3.1.3
RealThread.RT-Thread.3.1.3.RTOSJjRTAaThread.cmp_version1=3.1.3
RealThread.RT-Thread.3.1.3.RTOSJjRTAaThread.component0=RTOS
RealThread.RT-Thread.3.1.3.RTOSJjRTAaThread.component1=RTOS
RealThread.RT-Thread.3.1.3.RTOSJjRTAaThread.description0=rt-thread,rt-thread kernel files
RealThread.RT-Thread.3.1.3.RTOSJjRTAaThread.description1=rt-thread,rt-thread finsh
RealThread.RT-Thread.3.1.3.RTOSJjRTAaThread.diagnostic0=This component should operate correctly.
RealThread.RT-Thread.3.1.3.RTOSJjRTAaThread.diagnostic1=This component should operate correctly.
RealThread.RT-Thread.3.1.3.RTOSJjRTAaThread.group0=kernel
RealThread.RT-Thread.3.1.3.RTOSJjRTAaThread.group1=shell
RealThread.RT-Thread.3.1.3.RTOSJjRTAaThread.paramName0=RTAaThreadCcRTOSJjkernel
RealThread.RT-Thread.3.1.3.RTOSJjRTAaThread.paramName1=RTAaThreadCcRTOSJjshell
RealThread.RT-Thread.3.1.3.RTOSJjRTAaThread.sevirity0=none
RealThread.RT-Thread.3.1.3.RTOSJjRTAaThread.sevirity1=none
RealThread.RT-Thread.3.1.3.RTOSJjRTAaThread_Checked=false
RealThread.RT-Thread.3.1.3.RTOSJjRTAaThread_bundle=RT-Thread
RealThread.RT-Thread.3.1.3.RTOSJjRTAaThread_class=RTOS
RealThread.RT-Thread.3.1.3.RTOSJjRTAaThread_name=RT-Thread
RealThread.RT-Thread.3.1.3.RTOSJjRTAaThread_size=2
RealThread.RT-Thread.3.1.3.RTOSJjRTAaThread_vendor=RealThread
RealThread.RT-Thread.3.1.3.RTOSJjRTAaThread_version=3.1.3
RealThread.RT-Thread.3.1.3_CubeMXJjrtAathread_RteComponentsize=0
RealThread.RT-Thread.3.1.3_MwName0=RT-Thread
RealThread.RT-Thread.3.1.3_NumberOfMw=1
RealThread.RT-Thread.3.1.3_RTOSJjRTAaThread_RteComponent0=\          \#define RTE_USING_FINSH
RealThread.RT-Thread.3.1.3_RTOSJjRTAaThread_RteComponentsize=1
RealThread.RT-Thread.3.1.3_SwParameter=RTAaThreadCcRTOSJjshell\:true;RTAaThreadCcRTOSJjkernel\:true;
RealThread.RT-Thread.3.1.3_description=RT-Thread Software Components
RealThread.RT-Thread.3.1.3_license=License.txt
SH.GPXTI0.0=GPIO_EXTI0
SH.GPXTI0.ConfNb=1
SH.GPXTI15.0=GPIO_EXTI15
SH.GPXTI15.ConfNb=1
SH.GPXTI3.0=GPIO_EXTI3
SH.GPXTI3.ConfNb=1
SH.GPXTI4.0=GPIO_EXTI4
SH.GPXTI4.ConfNb=1
SH.GPXTI5.0=GPIO_EXTI5
SH.GPXTI5.ConfNb=1
SH.GPXTI6.0=GPIO_EXTI6
SH.GPXTI6.ConfNb=1
SPI1.BaudRatePrescaler=SPI_BAUDRATEPRESCALER_2
SPI1.CalculateBaudRate=42.0 MBits/s
SPI1.Direction=SPI_DIRECTION_2LINES
SPI1.IPParameters=VirtualType,Mode,Direction,CalculateBaudRate,BaudRatePrescaler
SPI1.Mode=SPI_MODE_MASTER
SPI1.VirtualType=VM_MASTER
SPI2.BaudRatePrescaler=SPI_BAUDRATEPRESCALER_2
SPI2.CalculateBaudRate=21.0 MBits/s
SPI2.Direction=SPI_DIRECTION_2LINES
SPI2.IPParameters=VirtualType,Mode,Direction,CalculateBaudRate,BaudRatePrescaler
SPI2.Mode=SPI_MODE_MASTER
SPI2.VirtualType=VM_MASTER
UART4.BaudRate=9600
UART4.IPParameters=VirtualMode,BaudRate
UART4.VirtualMode=Asynchronous
UART5.IPParameters=VirtualMode
UART5.VirtualMode=Asynchronous
USART1.BaudRate=9600
USART1.IPParameters=VirtualMode,BaudRate
USART1.VirtualMode=VM_ASYNC
USART2.IPParameters=VirtualMode
USART2.VirtualMode=VM_ASYNC
USART3.BaudRate=9600
USART3.IPParameters=VirtualMode,BaudRate
USART3.VirtualMode=VM_ASYNC
USART6.BaudRate=9600
USART6.IPParameters=VirtualMode,BaudRate
USART6.VirtualMode=VM_ASYNC
VP_RTC_VS_RTC_Activate.Mode=RTC_Enabled
VP_RTC_VS_RTC_Activate.Signal=RTC_VS_RTC_Activate
VP_SYS_VS_Systick.Mode=SysTick
VP_SYS_VS_Systick.Signal=SYS_VS_Systick
board=custom
